
Microsoft Visual Studio Solution File, Format Version 12.00
# Visual Studio Version 16
VisualStudioVersion = 16.0.31702.278
MinimumVisualStudioVersion = 10.0.40219.1
Project("{F184B08F-C81C-45F6-A57F-5ABD9991F28F}") = "mbal editor", "mbal editor\mbal editor.vbproj", "{70DED85F-D27D-4579-8FC4-22F44593E75E}"
EndProject
Global
	GlobalSection(SolutionConfigurationPlatforms) = preSolution
		Debug|Any CPU = Debug|Any CPU
		Release|Any CPU = Release|Any CPU
	EndGlobalSection
	GlobalSection(ProjectConfigurationPlatforms) = postSolution
		{70DED85F-D27D-4579-8FC4-22F44593E75E}.Debug|Any CPU.ActiveCfg = Debug|Any CPU
		{70DED85F-D27D-4579-8FC4-22F44593E75E}.Debug|Any CPU.Build.0 = Debug|Any CPU
		{70DED85F-D27D-4579-8FC4-22F44593E75E}.Release|Any CPU.ActiveCfg = Release|Any CPU
		{70DED85F-D27D-4579-8FC4-22F44593E75E}.Release|Any CPU.Build.0 = Release|Any CPU
	EndGlobalSection
	GlobalSection(SolutionProperties) = preSolution
		HideSolutionNode = FALSE
	EndGlobalSection
	GlobalSection(ExtensibilityGlobals) = postSolution
		SolutionGuid = {343EF2DE-29B2-41DA-B401-E2D8B039D4C5}
	EndGlobalSection
EndGlobal
